
Microsoft Visual Studio Solution File, Format Version 12.00
# Visual Studio Version 17
VisualStudioVersion = 17.13.35931.197 d17.13
MinimumVisualStudioVersion = 10.0.40219.1
Project("{FAE04EC0-301F-11D3-BF4B-00C04F79EFBC}") = "BulkOnTPL", "BulkOnTPL\BulkOnTPL.csproj", "{766F5A90-9FE6-4CC3-9CE2-8320F8A8F62D}"
EndProject
Global
	GlobalSection(SolutionConfigurationPlatforms) = preSolution
		Debug|Any CPU = Debug|Any CPU
		Release|Any CPU = Release|Any CPU
	EndGlobalSection
	GlobalSection(ProjectConfigurationPlatforms) = postSolution
		{766F5A90-9FE6-4CC3-9CE2-8320F8A8F62D}.Debug|Any CPU.ActiveCfg = Debug|Any CPU
		{766F5A90-9FE6-4CC3-9CE2-8320F8A8F62D}.Debug|Any CPU.Build.0 = Debug|Any CPU
		{766F5A90-9FE6-4CC3-9CE2-8320F8A8F62D}.Release|Any CPU.ActiveCfg = Release|Any CPU
		{766F5A90-9FE6-4CC3-9CE2-8320F8A8F62D}.Release|Any CPU.Build.0 = Release|Any CPU
	EndGlobalSection
	GlobalSection(SolutionProperties) = preSolution
		HideSolutionNode = FALSE
	EndGlobalSection
	GlobalSection(ExtensibilityGlobals) = postSolution
		SolutionGuid = {3F4276C6-A075-4593-828C-9F3BA22E5854}
	EndGlobalSection
EndGlobal
